
Microsoft Visual Studio Solution File, Format Version 12.00
# Visual Studio Version 16
VisualStudioVersion = 16.0.30320.27
MinimumVisualStudioVersion = 10.0.40219.1
Project("{FAE04EC0-301F-11D3-BF4B-00C04F79EFBC}") = "ConectorPenalisaFE", "ConectorPenalisaFE\ConectorPenalisaFE.csproj", "{98B1A577-9C1B-4048-94B7-3CA7C8307199}"
EndProject
Project("{FAE04EC0-301F-11D3-BF4B-00C04F79EFBC}") = "Documentos", "Documents\Documentos.csproj", "{0472257A-FE03-49CA-B014-ADB16DBB008B}"
EndProject
Project("{FAE04EC0-301F-11D3-BF4B-00C04F79EFBC}") = "WSConnectDBNet", "WSConnectDBNet\WSConnectDBNet.csproj", "{B88F24B9-1BE2-4379-A3DB-AD96D8D1E721}"
EndProject
Project("{FAE04EC0-301F-11D3-BF4B-00C04F79EFBC}") = "GestionErrores", "GestionErrores\GestionErrores.csproj", "{C6104E02-5557-44B2-AC92-0FA716DCB427}"
EndProject
Project("{FAE04EC0-301F-11D3-BF4B-00C04F79EFBC}") = "Configuracion", "Configuracion\Configuracion.csproj", "{18C792CE-C752-4B85-A309-4ED8501DD4EC}"
EndProject
Global
	GlobalSection(SolutionConfigurationPlatforms) = preSolution
		Debug|Any CPU = Debug|Any CPU
		Release|Any CPU = Release|Any CPU
	EndGlobalSection
	GlobalSection(ProjectConfigurationPlatforms) = postSolution
		{98B1A577-9C1B-4048-94B7-3CA7C8307199}.Debug|Any CPU.ActiveCfg = Debug|Any CPU
		{98B1A577-9C1B-4048-94B7-3CA7C8307199}.Debug|Any CPU.Build.0 = Debug|Any CPU
		{98B1A577-9C1B-4048-94B7-3CA7C8307199}.Release|Any CPU.ActiveCfg = Release|Any CPU
		{98B1A577-9C1B-4048-94B7-3CA7C8307199}.Release|Any CPU.Build.0 = Release|Any CPU
		{0472257A-FE03-49CA-B014-ADB16DBB008B}.Debug|Any CPU.ActiveCfg = Debug|Any CPU
		{0472257A-FE03-49CA-B014-ADB16DBB008B}.Debug|Any CPU.Build.0 = Debug|Any CPU
		{0472257A-FE03-49CA-B014-ADB16DBB008B}.Release|Any CPU.ActiveCfg = Release|Any CPU
		{0472257A-FE03-49CA-B014-ADB16DBB008B}.Release|Any CPU.Build.0 = Release|Any CPU
		{B88F24B9-1BE2-4379-A3DB-AD96D8D1E721}.Debug|Any CPU.ActiveCfg = Debug|Any CPU
		{B88F24B9-1BE2-4379-A3DB-AD96D8D1E721}.Debug|Any CPU.Build.0 = Debug|Any CPU
		{B88F24B9-1BE2-4379-A3DB-AD96D8D1E721}.Release|Any CPU.ActiveCfg = Release|Any CPU
		{B88F24B9-1BE2-4379-A3DB-AD96D8D1E721}.Release|Any CPU.Build.0 = Release|Any CPU
		{C6104E02-5557-44B2-AC92-0FA716DCB427}.Debug|Any CPU.ActiveCfg = Debug|Any CPU
		{C6104E02-5557-44B2-AC92-0FA716DCB427}.Debug|Any CPU.Build.0 = Debug|Any CPU
		{C6104E02-5557-44B2-AC92-0FA716DCB427}.Release|Any CPU.ActiveCfg = Release|Any CPU
		{C6104E02-5557-44B2-AC92-0FA716DCB427}.Release|Any CPU.Build.0 = Release|Any CPU
		{18C792CE-C752-4B85-A309-4ED8501DD4EC}.Debug|Any CPU.ActiveCfg = Debug|Any CPU
		{18C792CE-C752-4B85-A309-4ED8501DD4EC}.Debug|Any CPU.Build.0 = Debug|Any CPU
		{18C792CE-C752-4B85-A309-4ED8501DD4EC}.Release|Any CPU.ActiveCfg = Release|Any CPU
		{18C792CE-C752-4B85-A309-4ED8501DD4EC}.Release|Any CPU.Build.0 = Release|Any CPU
	EndGlobalSection
	GlobalSection(SolutionProperties) = preSolution
		HideSolutionNode = FALSE
	EndGlobalSection
	GlobalSection(ExtensibilityGlobals) = postSolution
		SolutionGuid = {018E033C-F9D8-4C51-AF4D-2844D9E28891}
	EndGlobalSection
EndGlobal
